
Microsoft Visual Studio Solution File, Format Version 12.00
# Visual Studio Version 16
VisualStudioVersion = 16.0.30320.27
MinimumVisualStudioVersion = 10.0.40219.1
Project("{FAE04EC0-301F-11D3-BF4B-00C04F79EFBC}") = "FootballClub", "FootballClub\FootballClub.csproj", "{70C5B46B-7F50-4865-9CE5-BD0955458CBD}"
EndProject
Project("{2150E333-8FDC-42A3-9474-1A3956D46DE8}") = "Attributes", "Attributes", "{F4B15D0C-2941-46A9-A9A9-C4517AC73318}"
	ProjectSection(SolutionItems) = preProject
		..\..\11th_SEMESTER\.NET\FINAL\17-33890-1\Final_Assignment\Attributes\AdminBasicAuthorizationAttributes.cs = ..\..\11th_SEMESTER\.NET\FINAL\17-33890-1\Final_Assignment\Attributes\AdminBasicAuthorizationAttributes.cs
	EndProjectSection
EndProject
Global
	GlobalSection(SolutionConfigurationPlatforms) = preSolution
		Debug|Any CPU = Debug|Any CPU
		Release|Any CPU = Release|Any CPU
	EndGlobalSection
	GlobalSection(ProjectConfigurationPlatforms) = postSolution
		{70C5B46B-7F50-4865-9CE5-BD0955458CBD}.Debug|Any CPU.ActiveCfg = Debug|Any CPU
		{70C5B46B-7F50-4865-9CE5-BD0955458CBD}.Debug|Any CPU.Build.0 = Debug|Any CPU
		{70C5B46B-7F50-4865-9CE5-BD0955458CBD}.Release|Any CPU.ActiveCfg = Release|Any CPU
		{70C5B46B-7F50-4865-9CE5-BD0955458CBD}.Release|Any CPU.Build.0 = Release|Any CPU
	EndGlobalSection
	GlobalSection(SolutionProperties) = preSolution
		HideSolutionNode = FALSE
	EndGlobalSection
	GlobalSection(ExtensibilityGlobals) = postSolution
		SolutionGuid = {F9828779-DA3A-4159-B6DE-9C4C7BCB34A3}
	EndGlobalSection
EndGlobal
